// !$*UTF8*$!
{
	archiveVersion = 1;
	classes = {
	};
	objectVersion = 46;
	objects = {

/* Begin PBXBuildFile section */
		BA22962C14DF55EE00B79839 /* SenTestingKit.framework in Frameworks */ = {isa = PBXBuildFile; fileRef = CE41191214DC714C00E3A267 /* SenTestingKit.framework */; };
		BA22962E14DF55EE00B79839 /* UIKit.framework in Frameworks */ = {isa = PBXBuildFile; fileRef = BA22962D14DF55EE00B79839 /* UIKit.framework */; };
		BA22962F14DF55EE00B79839 /* Foundation.framework in Frameworks */ = {isa = PBXBuildFile; fileRef = CE41190414DC714C00E3A267 /* Foundation.framework */; };
		BA22963514DF55EE00B79839 /* InfoPlist.strings in Resources */ = {isa = PBXBuildFile; fileRef = BA22963314DF55EE00B79839 /* InfoPlist.strings */; };
		BA22964014DF569900B79839 /* iOrmLogicTests.m in Sources */ = {isa = PBXBuildFile; fileRef = BA22963F14DF569900B79839 /* iOrmLogicTests.m */; };
		BA22964414DF56D900B79839 /* User.m in Sources */ = {isa = PBXBuildFile; fileRef = BA22964314DF56D900B79839 /* User.m */; };
		BA22964714DF574600B79839 /* libiOrm.a in Frameworks */ = {isa = PBXBuildFile; fileRef = CE41190114DC714C00E3A267 /* libiOrm.a */; };
		BA22964A14DF577B00B79839 /* libfmdb.a in Frameworks */ = {isa = PBXBuildFile; fileRef = BA321A6A14DF44D90000F7FB /* libfmdb.a */; };
		BA22964C14DF57E800B79839 /* libsqlite3.0.dylib in Frameworks */ = {isa = PBXBuildFile; fileRef = BA22964B14DF57E800B79839 /* libsqlite3.0.dylib */; };
		BA22964E14DF582A00B79839 /* libfmdb.a in Frameworks */ = {isa = PBXBuildFile; fileRef = BA321A6A14DF44D90000F7FB /* libfmdb.a */; };
		BA22964F14DF583400B79839 /* libsqlite3.dylib in Frameworks */ = {isa = PBXBuildFile; fileRef = BA321A8714DF452E0000F7FB /* libsqlite3.dylib */; };
		BA321A6B14DF44D90000F7FB /* Foundation.framework in Frameworks */ = {isa = PBXBuildFile; fileRef = CE41190414DC714C00E3A267 /* Foundation.framework */; };
		BA321A7F14DF45000000F7FB /* fmdb_Prefix.pch in Headers */ = {isa = PBXBuildFile; fileRef = BA321A7614DF45000000F7FB /* fmdb_Prefix.pch */; };
		BA321A8014DF45000000F7FB /* FMDatabase.h in Headers */ = {isa = PBXBuildFile; fileRef = BA321A7814DF45000000F7FB /* FMDatabase.h */; };
		BA321A8114DF45000000F7FB /* FMDatabase.m in Sources */ = {isa = PBXBuildFile; fileRef = BA321A7914DF45000000F7FB /* FMDatabase.m */; settings = {COMPILER_FLAGS = "-fno-objc-arc"; }; };
		BA321A8214DF45000000F7FB /* FMDatabaseAdditions.h in Headers */ = {isa = PBXBuildFile; fileRef = BA321A7A14DF45000000F7FB /* FMDatabaseAdditions.h */; };
		BA321A8314DF45000000F7FB /* FMDatabaseAdditions.m in Sources */ = {isa = PBXBuildFile; fileRef = BA321A7B14DF45000000F7FB /* FMDatabaseAdditions.m */; settings = {COMPILER_FLAGS = "-fno-objc-arc"; }; };
		BA321A8514DF45000000F7FB /* FMResultSet.h in Headers */ = {isa = PBXBuildFile; fileRef = BA321A7D14DF45000000F7FB /* FMResultSet.h */; };
		BA321A8614DF45000000F7FB /* FMResultSet.m in Sources */ = {isa = PBXBuildFile; fileRef = BA321A7E14DF45000000F7FB /* FMResultSet.m */; settings = {COMPILER_FLAGS = "-fno-objc-arc"; }; };
		BA321A8814DF452E0000F7FB /* libsqlite3.dylib in Frameworks */ = {isa = PBXBuildFile; fileRef = BA321A8714DF452E0000F7FB /* libsqlite3.dylib */; };
		BA321AB314DF47670000F7FB /* iOrm.h in Headers */ = {isa = PBXBuildFile; fileRef = BA321AAF14DF47670000F7FB /* iOrm.h */; };
		BA321AB414DF47670000F7FB /* iOrm.m in Sources */ = {isa = PBXBuildFile; fileRef = BA321AB014DF47670000F7FB /* iOrm.m */; };
		BA321AB514DF47670000F7FB /* iOrmSingleton.h in Headers */ = {isa = PBXBuildFile; fileRef = BA321AB114DF47670000F7FB /* iOrmSingleton.h */; };
		BA321AB614DF47670000F7FB /* iOrmSingleton.m in Sources */ = {isa = PBXBuildFile; fileRef = BA321AB214DF47670000F7FB /* iOrmSingleton.m */; };
		BA3B16B614DFA2B900BAE45E /* ModelType.m in Sources */ = {isa = PBXBuildFile; fileRef = BA3B16B514DFA2B900BAE45E /* ModelType.m */; };
		CE41190514DC714C00E3A267 /* Foundation.framework in Frameworks */ = {isa = PBXBuildFile; fileRef = CE41190414DC714C00E3A267 /* Foundation.framework */; };
/* End PBXBuildFile section */

/* Begin PBXContainerItemProxy section */
		BA22964514DF573800B79839 /* PBXContainerItemProxy */ = {
			isa = PBXContainerItemProxy;
			containerPortal = CE4118F814DC714C00E3A267 /* Project object */;
			proxyType = 1;
			remoteGlobalIDString = CE41190014DC714C00E3A267;
			remoteInfo = iOrm;
		};
		BA22965014DF583B00B79839 /* PBXContainerItemProxy */ = {
			isa = PBXContainerItemProxy;
			containerPortal = CE4118F814DC714C00E3A267 /* Project object */;
			proxyType = 1;
			remoteGlobalIDString = BA321A6914DF44D90000F7FB;
			remoteInfo = fmdb;
		};
		BA321A8914DF455A0000F7FB /* PBXContainerItemProxy */ = {
			isa = PBXContainerItemProxy;
			containerPortal = CE4118F814DC714C00E3A267 /* Project object */;
			proxyType = 1;
			remoteGlobalIDString = BA321A6914DF44D90000F7FB;
			remoteInfo = fmdb;
		};
/* End PBXContainerItemProxy section */

/* Begin PBXFileReference section */
		BA22962B14DF55EE00B79839 /* iOrmLogicTests.octest */ = {isa = PBXFileReference; explicitFileType = wrapper.cfbundle; includeInIndex = 0; path = iOrmLogicTests.octest; sourceTree = BUILT_PRODUCTS_DIR; };
		BA22962D14DF55EE00B79839 /* UIKit.framework */ = {isa = PBXFileReference; lastKnownFileType = wrapper.framework; name = UIKit.framework; path = System/Library/Frameworks/UIKit.framework; sourceTree = SDKROOT; };
		BA22963214DF55EE00B79839 /* iOrmLogicTests-Info.plist */ = {isa = PBXFileReference; lastKnownFileType = text.plist.xml; path = "iOrmLogicTests-Info.plist"; sourceTree = "<group>"; };
		BA22963414DF55EE00B79839 /* en */ = {isa = PBXFileReference; lastKnownFileType = text.plist.strings; name = en; path = en.lproj/InfoPlist.strings; sourceTree = "<group>"; };
		BA22963914DF55EE00B79839 /* iOrmLogicTests-Prefix.pch */ = {isa = PBXFileReference; lastKnownFileType = sourcecode.c.h; path = "iOrmLogicTests-Prefix.pch"; sourceTree = "<group>"; };
		BA22963E14DF569900B79839 /* iOrmLogicTests.h */ = {isa = PBXFileReference; fileEncoding = 4; lastKnownFileType = sourcecode.c.h; path = iOrmLogicTests.h; sourceTree = "<group>"; };
		BA22963F14DF569900B79839 /* iOrmLogicTests.m */ = {isa = PBXFileReference; fileEncoding = 4; lastKnownFileType = sourcecode.c.objc; path = iOrmLogicTests.m; sourceTree = "<group>"; };
		BA22964214DF56D900B79839 /* User.h */ = {isa = PBXFileReference; fileEncoding = 4; lastKnownFileType = sourcecode.c.h; path = User.h; sourceTree = "<group>"; };
		BA22964314DF56D900B79839 /* User.m */ = {isa = PBXFileReference; fileEncoding = 4; lastKnownFileType = sourcecode.c.objc; path = User.m; sourceTree = "<group>"; };
		BA22964B14DF57E800B79839 /* libsqlite3.0.dylib */ = {isa = PBXFileReference; lastKnownFileType = "compiled.mach-o.dylib"; name = libsqlite3.0.dylib; path = usr/lib/libsqlite3.0.dylib; sourceTree = SDKROOT; };
		BA321A6A14DF44D90000F7FB /* libfmdb.a */ = {isa = PBXFileReference; explicitFileType = archive.ar; includeInIndex = 0; path = libfmdb.a; sourceTree = BUILT_PRODUCTS_DIR; };
		BA321A7614DF45000000F7FB /* fmdb_Prefix.pch */ = {isa = PBXFileReference; fileEncoding = 4; lastKnownFileType = sourcecode.c.h; name = fmdb_Prefix.pch; path = ../Vendor/fmdb/fmdb_Prefix.pch; sourceTree = "<group>"; };
		BA321A7814DF45000000F7FB /* FMDatabase.h */ = {isa = PBXFileReference; fileEncoding = 4; lastKnownFileType = sourcecode.c.h; path = FMDatabase.h; sourceTree = "<group>"; };
		BA321A7914DF45000000F7FB /* FMDatabase.m */ = {isa = PBXFileReference; fileEncoding = 4; lastKnownFileType = sourcecode.c.objc; path = FMDatabase.m; sourceTree = "<group>"; };
		BA321A7A14DF45000000F7FB /* FMDatabaseAdditions.h */ = {isa = PBXFileReference; fileEncoding = 4; lastKnownFileType = sourcecode.c.h; path = FMDatabaseAdditions.h; sourceTree = "<group>"; };
		BA321A7B14DF45000000F7FB /* FMDatabaseAdditions.m */ = {isa = PBXFileReference; fileEncoding = 4; lastKnownFileType = sourcecode.c.objc; path = FMDatabaseAdditions.m; sourceTree = "<group>"; };
		BA321A7D14DF45000000F7FB /* FMResultSet.h */ = {isa = PBXFileReference; fileEncoding = 4; lastKnownFileType = sourcecode.c.h; path = FMResultSet.h; sourceTree = "<group>"; };
		BA321A7E14DF45000000F7FB /* FMResultSet.m */ = {isa = PBXFileReference; fileEncoding = 4; lastKnownFileType = sourcecode.c.objc; path = FMResultSet.m; sourceTree = "<group>"; };
		BA321A8714DF452E0000F7FB /* libsqlite3.dylib */ = {isa = PBXFileReference; lastKnownFileType = "compiled.mach-o.dylib"; name = libsqlite3.dylib; path = usr/lib/libsqlite3.dylib; sourceTree = SDKROOT; };
		BA321AAF14DF47670000F7FB /* iOrm.h */ = {isa = PBXFileReference; fileEncoding = 4; lastKnownFileType = sourcecode.c.h; path = iOrm.h; sourceTree = "<group>"; };
		BA321AB014DF47670000F7FB /* iOrm.m */ = {isa = PBXFileReference; fileEncoding = 4; lastKnownFileType = sourcecode.c.objc; path = iOrm.m; sourceTree = "<group>"; };
		BA321AB114DF47670000F7FB /* iOrmSingleton.h */ = {isa = PBXFileReference; fileEncoding = 4; lastKnownFileType = sourcecode.c.h; path = iOrmSingleton.h; sourceTree = "<group>"; };
		BA321AB214DF47670000F7FB /* iOrmSingleton.m */ = {isa = PBXFileReference; fileEncoding = 4; lastKnownFileType = sourcecode.c.objc; path = iOrmSingleton.m; sourceTree = "<group>"; };
		BA3B16B414DFA2B900BAE45E /* ModelType.h */ = {isa = PBXFileReference; fileEncoding = 4; lastKnownFileType = sourcecode.c.h; path = ModelType.h; sourceTree = "<group>"; };
		BA3B16B514DFA2B900BAE45E /* ModelType.m */ = {isa = PBXFileReference; fileEncoding = 4; lastKnownFileType = sourcecode.c.objc; path = ModelType.m; sourceTree = "<group>"; };
		CE41190114DC714C00E3A267 /* libiOrm.a */ = {isa = PBXFileReference; explicitFileType = archive.ar; includeInIndex = 0; path = libiOrm.a; sourceTree = BUILT_PRODUCTS_DIR; };
		CE41190414DC714C00E3A267 /* Foundation.framework */ = {isa = PBXFileReference; lastKnownFileType = wrapper.framework; name = Foundation.framework; path = System/Library/Frameworks/Foundation.framework; sourceTree = SDKROOT; };
		CE41190814DC714C00E3A267 /* iOrm-Prefix.pch */ = {isa = PBXFileReference; lastKnownFileType = sourcecode.c.h; path = "iOrm-Prefix.pch"; sourceTree = "<group>"; };
		CE41191214DC714C00E3A267 /* SenTestingKit.framework */ = {isa = PBXFileReference; lastKnownFileType = wrapper.framework; name = SenTestingKit.framework; path = Library/Frameworks/SenTestingKit.framework; sourceTree = DEVELOPER_DIR; };
/* End PBXFileReference section */

/* Begin PBXFrameworksBuildPhase section */
		BA22962714DF55EE00B79839 /* Frameworks */ = {
			isa = PBXFrameworksBuildPhase;
			buildActionMask = 2147483647;
			files = (
				BA22964F14DF583400B79839 /* libsqlite3.dylib in Frameworks */,
				BA22964E14DF582A00B79839 /* libfmdb.a in Frameworks */,
				BA22964714DF574600B79839 /* libiOrm.a in Frameworks */,
				BA22962C14DF55EE00B79839 /* SenTestingKit.framework in Frameworks */,
				BA22962E14DF55EE00B79839 /* UIKit.framework in Frameworks */,
				BA22962F14DF55EE00B79839 /* Foundation.framework in Frameworks */,
			);
			runOnlyForDeploymentPostprocessing = 0;
		};
		BA321A6714DF44D90000F7FB /* Frameworks */ = {
			isa = PBXFrameworksBuildPhase;
			buildActionMask = 2147483647;
			files = (
				BA22964C14DF57E800B79839 /* libsqlite3.0.dylib in Frameworks */,
				BA321A8814DF452E0000F7FB /* libsqlite3.dylib in Frameworks */,
				BA321A6B14DF44D90000F7FB /* Foundation.framework in Frameworks */,
			);
			runOnlyForDeploymentPostprocessing = 0;
		};
		CE4118FE14DC714C00E3A267 /* Frameworks */ = {
			isa = PBXFrameworksBuildPhase;
			buildActionMask = 2147483647;
			files = (
				BA22964A14DF577B00B79839 /* libfmdb.a in Frameworks */,
				CE41190514DC714C00E3A267 /* Foundation.framework in Frameworks */,
			);
			runOnlyForDeploymentPostprocessing = 0;
		};
/* End PBXFrameworksBuildPhase section */

/* Begin PBXGroup section */
		BA22963014DF55EE00B79839 /* iOrmLogicTests */ = {
			isa = PBXGroup;
			children = (
				BA22964114DF56D900B79839 /* Models */,
				BA22963E14DF569900B79839 /* iOrmLogicTests.h */,
				BA22963F14DF569900B79839 /* iOrmLogicTests.m */,
				BA22963114DF55EE00B79839 /* Supporting Files */,
			);
			path = iOrmLogicTests;
			sourceTree = "<group>";
		};
		BA22963114DF55EE00B79839 /* Supporting Files */ = {
			isa = PBXGroup;
			children = (
				BA22963214DF55EE00B79839 /* iOrmLogicTests-Info.plist */,
				BA22963314DF55EE00B79839 /* InfoPlist.strings */,
				BA22963914DF55EE00B79839 /* iOrmLogicTests-Prefix.pch */,
			);
			name = "Supporting Files";
			sourceTree = "<group>";
		};
		BA22964114DF56D900B79839 /* Models */ = {
			isa = PBXGroup;
			children = (
				BA22964214DF56D900B79839 /* User.h */,
				BA22964314DF56D900B79839 /* User.m */,
				BA3B16B414DFA2B900BAE45E /* ModelType.h */,
				BA3B16B514DFA2B900BAE45E /* ModelType.m */,
			);
			path = Models;
			sourceTree = "<group>";
		};
		BA321A7514DF44E40000F7FB /* fmdb */ = {
			isa = PBXGroup;
			children = (
				BA321A8714DF452E0000F7FB /* libsqlite3.dylib */,
				BA321A7614DF45000000F7FB /* fmdb_Prefix.pch */,
				BA321A7714DF45000000F7FB /* src */,
			);
			name = fmdb;
			sourceTree = "<group>";
		};
		BA321A7714DF45000000F7FB /* src */ = {
			isa = PBXGroup;
			children = (
				BA321A7814DF45000000F7FB /* FMDatabase.h */,
				BA321A7914DF45000000F7FB /* FMDatabase.m */,
				BA321A7A14DF45000000F7FB /* FMDatabaseAdditions.h */,
				BA321A7B14DF45000000F7FB /* FMDatabaseAdditions.m */,
				BA321A7D14DF45000000F7FB /* FMResultSet.h */,
				BA321A7E14DF45000000F7FB /* FMResultSet.m */,
			);
			name = src;
			path = ../Vendor/fmdb/src;
			sourceTree = "<group>";
		};
		BACC539514DF430C00123759 /* Vendor */ = {
			isa = PBXGroup;
			children = (
				BA321A7514DF44E40000F7FB /* fmdb */,
			);
			name = Vendor;
			sourceTree = "<group>";
		};
		CE4118F614DC714C00E3A267 = {
			isa = PBXGroup;
			children = (
				BA22964B14DF57E800B79839 /* libsqlite3.0.dylib */,
				BACC539514DF430C00123759 /* Vendor */,
				CE41190614DC714C00E3A267 /* iOrm */,
				BA22963014DF55EE00B79839 /* iOrmLogicTests */,
				CE41190314DC714C00E3A267 /* Frameworks */,
				CE41190214DC714C00E3A267 /* Products */,
			);
			sourceTree = "<group>";
		};
		CE41190214DC714C00E3A267 /* Products */ = {
			isa = PBXGroup;
			children = (
				CE41190114DC714C00E3A267 /* libiOrm.a */,
				BA321A6A14DF44D90000F7FB /* libfmdb.a */,
				BA22962B14DF55EE00B79839 /* iOrmLogicTests.octest */,
			);
			name = Products;
			sourceTree = "<group>";
		};
		CE41190314DC714C00E3A267 /* Frameworks */ = {
			isa = PBXGroup;
			children = (
				CE41190414DC714C00E3A267 /* Foundation.framework */,
				CE41191214DC714C00E3A267 /* SenTestingKit.framework */,
				BA22962D14DF55EE00B79839 /* UIKit.framework */,
			);
			name = Frameworks;
			sourceTree = "<group>";
		};
		CE41190614DC714C00E3A267 /* iOrm */ = {
			isa = PBXGroup;
			children = (
				BA321AAF14DF47670000F7FB /* iOrm.h */,
				BA321AB014DF47670000F7FB /* iOrm.m */,
				BA321AB114DF47670000F7FB /* iOrmSingleton.h */,
				BA321AB214DF47670000F7FB /* iOrmSingleton.m */,
				CE41190714DC714C00E3A267 /* Supporting Files */,
			);
			path = iOrm;
			sourceTree = "<group>";
		};
		CE41190714DC714C00E3A267 /* Supporting Files */ = {
			isa = PBXGroup;
			children = (
				CE41190814DC714C00E3A267 /* iOrm-Prefix.pch */,
			);
			name = "Supporting Files";
			sourceTree = "<group>";
		};
/* End PBXGroup section */

/* Begin PBXHeadersBuildPhase section */
		BA321A6814DF44D90000F7FB /* Headers */ = {
			isa = PBXHeadersBuildPhase;
			buildActionMask = 2147483647;
			files = (
				BA321A7F14DF45000000F7FB /* fmdb_Prefix.pch in Headers */,
				BA321A8014DF45000000F7FB /* FMDatabase.h in Headers */,
				BA321A8214DF45000000F7FB /* FMDatabaseAdditions.h in Headers */,
				BA321A8514DF45000000F7FB /* FMResultSet.h in Headers */,
			);
			runOnlyForDeploymentPostprocessing = 0;
		};
		CE4118FF14DC714C00E3A267 /* Headers */ = {
			isa = PBXHeadersBuildPhase;
			buildActionMask = 2147483647;
			files = (
				BA321AB314DF47670000F7FB /* iOrm.h in Headers */,
				BA321AB514DF47670000F7FB /* iOrmSingleton.h in Headers */,
			);
			runOnlyForDeploymentPostprocessing = 0;
		};
/* End PBXHeadersBuildPhase section */

/* Begin PBXNativeTarget section */
		BA22962A14DF55EE00B79839 /* iOrmLogicTests */ = {
			isa = PBXNativeTarget;
			buildConfigurationList = BA22963C14DF55EE00B79839 /* Build configuration list for PBXNativeTarget "iOrmLogicTests" */;
			buildPhases = (
				BA22962614DF55EE00B79839 /* Sources */,
				BA22962714DF55EE00B79839 /* Frameworks */,
				BA22962814DF55EE00B79839 /* Resources */,
				BA22962914DF55EE00B79839 /* ShellScript */,
			);
			buildRules = (
			);
			dependencies = (
				BA22965114DF583B00B79839 /* PBXTargetDependency */,
				BA22964614DF573800B79839 /* PBXTargetDependency */,
			);
			name = iOrmLogicTests;
			productName = iOrmLogicTests;
			productReference = BA22962B14DF55EE00B79839 /* iOrmLogicTests.octest */;
			productType = "com.apple.product-type.bundle";
		};
		BA321A6914DF44D90000F7FB /* fmdb */ = {
			isa = PBXNativeTarget;
			buildConfigurationList = BA321A7214DF44D90000F7FB /* Build configuration list for PBXNativeTarget "fmdb" */;
			buildPhases = (
				BA321A6614DF44D90000F7FB /* Sources */,
				BA321A6714DF44D90000F7FB /* Frameworks */,
				BA321A6814DF44D90000F7FB /* Headers */,
			);
			buildRules = (
			);
			dependencies = (
			);
			name = fmdb;
			productName = fmdb;
			productReference = BA321A6A14DF44D90000F7FB /* libfmdb.a */;
			productType = "com.apple.product-type.library.static";
		};
		CE41190014DC714C00E3A267 /* iOrm */ = {
			isa = PBXNativeTarget;
			buildConfigurationList = CE41192514DC714C00E3A267 /* Build configuration list for PBXNativeTarget "iOrm" */;
			buildPhases = (
				CE4118FD14DC714C00E3A267 /* Sources */,
				CE4118FE14DC714C00E3A267 /* Frameworks */,
				CE4118FF14DC714C00E3A267 /* Headers */,
			);
			buildRules = (
			);
			dependencies = (
				BA321A8A14DF455A0000F7FB /* PBXTargetDependency */,
			);
			name = iOrm;
			productName = iOrm;
			productReference = CE41190114DC714C00E3A267 /* libiOrm.a */;
			productType = "com.apple.product-type.library.static";
		};
/* End PBXNativeTarget section */

/* Begin PBXProject section */
		CE4118F814DC714C00E3A267 /* Project object */ = {
			isa = PBXProject;
			attributes = {
				LastUpgradeCheck = 0420;
			};
			buildConfigurationList = CE4118FB14DC714C00E3A267 /* Build configuration list for PBXProject "iOrm" */;
			compatibilityVersion = "Xcode 3.2";
			developmentRegion = English;
			hasScannedForEncodings = 0;
			knownRegions = (
				en,
			);
			mainGroup = CE4118F614DC714C00E3A267;
			productRefGroup = CE41190214DC714C00E3A267 /* Products */;
			projectDirPath = "";
			projectRoot = "";
			targets = (
				CE41190014DC714C00E3A267 /* iOrm */,
				BA321A6914DF44D90000F7FB /* fmdb */,
				BA22962A14DF55EE00B79839 /* iOrmLogicTests */,
			);
		};
/* End PBXProject section */

/* Begin PBXResourcesBuildPhase section */
		BA22962814DF55EE00B79839 /* Resources */ = {
			isa = PBXResourcesBuildPhase;
			buildActionMask = 2147483647;
			files = (
				BA22963514DF55EE00B79839 /* InfoPlist.strings in Resources */,
			);
			runOnlyForDeploymentPostprocessing = 0;
		};
/* End PBXResourcesBuildPhase section */

/* Begin PBXShellScriptBuildPhase section */
		BA22962914DF55EE00B79839 /* ShellScript */ = {
			isa = PBXShellScriptBuildPhase;
			buildActionMask = 2147483647;
			files = (
			);
			inputPaths = (
			);
			outputPaths = (
			);
			runOnlyForDeploymentPostprocessing = 0;
			shellPath = /bin/sh;
			shellScript = "# Run the unit tests in this test bundle.\n\"${SYSTEM_DEVELOPER_DIR}/Tools/RunUnitTests\"\n";
		};
/* End PBXShellScriptBuildPhase section */

/* Begin PBXSourcesBuildPhase section */
		BA22962614DF55EE00B79839 /* Sources */ = {
			isa = PBXSourcesBuildPhase;
			buildActionMask = 2147483647;
			files = (
				BA22964014DF569900B79839 /* iOrmLogicTests.m in Sources */,
				BA22964414DF56D900B79839 /* User.m in Sources */,
				BA3B16B614DFA2B900BAE45E /* ModelType.m in Sources */,
			);
			runOnlyForDeploymentPostprocessing = 0;
		};
		BA321A6614DF44D90000F7FB /* Sources */ = {
			isa = PBXSourcesBuildPhase;
			buildActionMask = 2147483647;
			files = (
				BA321A8114DF45000000F7FB /* FMDatabase.m in Sources */,
				BA321A8314DF45000000F7FB /* FMDatabaseAdditions.m in Sources */,
				BA321A8614DF45000000F7FB /* FMResultSet.m in Sources */,
			);
			runOnlyForDeploymentPostprocessing = 0;
		};
		CE4118FD14DC714C00E3A267 /* Sources */ = {
			isa = PBXSourcesBuildPhase;
			buildActionMask = 2147483647;
			files = (
				BA321AB414DF47670000F7FB /* iOrm.m in Sources */,
				BA321AB614DF47670000F7FB /* iOrmSingleton.m in Sources */,
			);
			runOnlyForDeploymentPostprocessing = 0;
		};
/* End PBXSourcesBuildPhase section */

/* Begin PBXTargetDependency section */
		BA22964614DF573800B79839 /* PBXTargetDependency */ = {
			isa = PBXTargetDependency;
			target = CE41190014DC714C00E3A267 /* iOrm */;
			targetProxy = BA22964514DF573800B79839 /* PBXContainerItemProxy */;
		};
		BA22965114DF583B00B79839 /* PBXTargetDependency */ = {
			isa = PBXTargetDependency;
			target = BA321A6914DF44D90000F7FB /* fmdb */;
			targetProxy = BA22965014DF583B00B79839 /* PBXContainerItemProxy */;
		};
		BA321A8A14DF455A0000F7FB /* PBXTargetDependency */ = {
			isa = PBXTargetDependency;
			target = BA321A6914DF44D90000F7FB /* fmdb */;
			targetProxy = BA321A8914DF455A0000F7FB /* PBXContainerItemProxy */;
		};
/* End PBXTargetDependency section */

/* Begin PBXVariantGroup section */
		BA22963314DF55EE00B79839 /* InfoPlist.strings */ = {
			isa = PBXVariantGroup;
			children = (
				BA22963414DF55EE00B79839 /* en */,
			);
			name = InfoPlist.strings;
			sourceTree = "<group>";
		};
/* End PBXVariantGroup section */

/* Begin XCBuildConfiguration section */
		BA22963A14DF55EE00B79839 /* Debug */ = {
			isa = XCBuildConfiguration;
			buildSettings = {
				FRAMEWORK_SEARCH_PATHS = (
					"$(SDKROOT)/Developer/Library/Frameworks",
					"$(DEVELOPER_LIBRARY_DIR)/Frameworks",
				);
				GCC_PRECOMPILE_PREFIX_HEADER = YES;
				GCC_PREFIX_HEADER = "iOrmLogicTests/iOrmLogicTests-Prefix.pch";
				INFOPLIST_FILE = "iOrmLogicTests/iOrmLogicTests-Info.plist";
				PRODUCT_NAME = "$(TARGET_NAME)";
				WRAPPER_EXTENSION = octest;
			};
			name = Debug;
		};
		BA22963B14DF55EE00B79839 /* Release */ = {
			isa = XCBuildConfiguration;
			buildSettings = {
				FRAMEWORK_SEARCH_PATHS = (
					"$(SDKROOT)/Developer/Library/Frameworks",
					"$(DEVELOPER_LIBRARY_DIR)/Frameworks",
				);
				GCC_PRECOMPILE_PREFIX_HEADER = YES;
				GCC_PREFIX_HEADER = "iOrmLogicTests/iOrmLogicTests-Prefix.pch";
				INFOPLIST_FILE = "iOrmLogicTests/iOrmLogicTests-Info.plist";
				PRODUCT_NAME = "$(TARGET_NAME)";
				WRAPPER_EXTENSION = octest;
			};
			name = Release;
		};
		BA321A7314DF44D90000F7FB /* Debug */ = {
			isa = XCBuildConfiguration;
			buildSettings = {
				DSTROOT = /tmp/fmdb.dst;
				GCC_PRECOMPILE_PREFIX_HEADER = YES;
				GCC_PREFIX_HEADER = ../Vendor/fmdb/fmdb_Prefix.pch;
				OTHER_LDFLAGS = "-ObjC";
				PRODUCT_NAME = "$(TARGET_NAME)";
				SKIP_INSTALL = YES;
			};
			name = Debug;
		};
		BA321A7414DF44D90000F7FB /* Release */ = {
			isa = XCBuildConfiguration;
			buildSettings = {
				DSTROOT = /tmp/fmdb.dst;
				GCC_PRECOMPILE_PREFIX_HEADER = YES;
				GCC_PREFIX_HEADER = ../Vendor/fmdb/fmdb_Prefix.pch;
				OTHER_LDFLAGS = "-ObjC";
				PRODUCT_NAME = "$(TARGET_NAME)";
				SKIP_INSTALL = YES;
			};
			name = Release;
		};
		CE41192314DC714C00E3A267 /* Debug */ = {
			isa = XCBuildConfiguration;
			buildSettings = {
				ALWAYS_SEARCH_USER_PATHS = NO;
				ARCHS = "$(ARCHS_STANDARD_32_BIT)";
				CLANG_ENABLE_OBJC_ARC = YES;
				COPY_PHASE_STRIP = NO;
				GCC_C_LANGUAGE_STANDARD = gnu99;
				GCC_DYNAMIC_NO_PIC = NO;
				GCC_OPTIMIZATION_LEVEL = 0;
				GCC_PREPROCESSOR_DEFINITIONS = (
					"DEBUG=1",
					"$(inherited)",
				);
				GCC_SYMBOLS_PRIVATE_EXTERN = NO;
				GCC_VERSION = com.apple.compilers.llvm.clang.1_0;
				GCC_WARN_ABOUT_MISSING_PROTOTYPES = YES;
				GCC_WARN_ABOUT_RETURN_TYPE = YES;
				GCC_WARN_UNUSED_VARIABLE = YES;
				IPHONEOS_DEPLOYMENT_TARGET = 5.0;
				SDKROOT = iphoneos;
			};
			name = Debug;
		};
		CE41192414DC714C00E3A267 /* Release */ = {
			isa = XCBuildConfiguration;
			buildSettings = {
				ALWAYS_SEARCH_USER_PATHS = NO;
				ARCHS = "$(ARCHS_STANDARD_32_BIT)";
				CLANG_ENABLE_OBJC_ARC = YES;
				COPY_PHASE_STRIP = YES;
				GCC_C_LANGUAGE_STANDARD = gnu99;
				GCC_VERSION = com.apple.compilers.llvm.clang.1_0;
				GCC_WARN_ABOUT_MISSING_PROTOTYPES = YES;
				GCC_WARN_ABOUT_RETURN_TYPE = YES;
				GCC_WARN_UNUSED_VARIABLE = YES;
				IPHONEOS_DEPLOYMENT_TARGET = 5.0;
				SDKROOT = iphoneos;
				VALIDATE_PRODUCT = YES;
			};
			name = Release;
		};
		CE41192614DC714C00E3A267 /* Debug */ = {
			isa = XCBuildConfiguration;
			buildSettings = {
				DSTROOT = /tmp/iOrm.dst;
				GCC_PRECOMPILE_PREFIX_HEADER = YES;
				GCC_PREFIX_HEADER = "iOrm/iOrm-Prefix.pch";
				OTHER_LDFLAGS = "-ObjC";
				PRODUCT_NAME = "$(TARGET_NAME)";
				SKIP_INSTALL = YES;
			};
			name = Debug;
		};
		CE41192714DC714C00E3A267 /* Release */ = {
			isa = XCBuildConfiguration;
			buildSettings = {
				DSTROOT = /tmp/iOrm.dst;
				GCC_PRECOMPILE_PREFIX_HEADER = YES;
				GCC_PREFIX_HEADER = "iOrm/iOrm-Prefix.pch";
				OTHER_LDFLAGS = "-ObjC";
				PRODUCT_NAME = "$(TARGET_NAME)";
				SKIP_INSTALL = YES;
			};
			name = Release;
		};
/* End XCBuildConfiguration section */

/* Begin XCConfigurationList section */
		BA22963C14DF55EE00B79839 /* Build configuration list for PBXNativeTarget "iOrmLogicTests" */ = {
			isa = XCConfigurationList;
			buildConfigurations = (
				BA22963A14DF55EE00B79839 /* Debug */,
				BA22963B14DF55EE00B79839 /* Release */,
			);
			defaultConfigurationIsVisible = 0;
			defaultConfigurationName = Release;
		};
		BA321A7214DF44D90000F7FB /* Build configuration list for PBXNativeTarget "fmdb" */ = {
			isa = XCConfigurationList;
			buildConfigurations = (
				BA321A7314DF44D90000F7FB /* Debug */,
				BA321A7414DF44D90000F7FB /* Release */,
			);
			defaultConfigurationIsVisible = 0;
			defaultConfigurationName = Release;
		};
		CE4118FB14DC714C00E3A267 /* Build configuration list for PBXProject "iOrm" */ = {
			isa = XCConfigurationList;
			buildConfigurations = (
				CE41192314DC714C00E3A267 /* Debug */,
				CE41192414DC714C00E3A267 /* Release */,
			);
			defaultConfigurationIsVisible = 0;
			defaultConfigurationName = Release;
		};
		CE41192514DC714C00E3A267 /* Build configuration list for PBXNativeTarget "iOrm" */ = {
			isa = XCConfigurationList;
			buildConfigurations = (
				CE41192614DC714C00E3A267 /* Debug */,
				CE41192714DC714C00E3A267 /* Release */,
			);
			defaultConfigurationIsVisible = 0;
			defaultConfigurationName = Release;
		};
/* End XCConfigurationList section */
	};
	rootObject = CE4118F814DC714C00E3A267 /* Project object */;
}
